
Microsoft Visual Studio Solution File, Format Version 12.00
# Visual Studio Version 17
VisualStudioVersion = 17.2.32516.85
MinimumVisualStudioVersion = 10.0.40219.1
Project("{FAE04EC0-301F-11D3-BF4B-00C04F79EFBC}") = "ICEProject", "ICEProject\ICEProject.csproj", "{B35DAADB-FF95-4D60-8489-FA49FB22DB4B}"
EndProject
Global
	GlobalSection(SolutionConfigurationPlatforms) = preSolution
		Debug|Any CPU = Debug|Any CPU
		Release|Any CPU = Release|Any CPU
	EndGlobalSection
	GlobalSection(ProjectConfigurationPlatforms) = postSolution
		{B35DAADB-FF95-4D60-8489-FA49FB22DB4B}.Debug|Any CPU.ActiveCfg = Debug|Any CPU
		{B35DAADB-FF95-4D60-8489-FA49FB22DB4B}.Debug|Any CPU.Build.0 = Debug|Any CPU
		{B35DAADB-FF95-4D60-8489-FA49FB22DB4B}.Release|Any CPU.ActiveCfg = Release|Any CPU
		{B35DAADB-FF95-4D60-8489-FA49FB22DB4B}.Release|Any CPU.Build.0 = Release|Any CPU
	EndGlobalSection
	GlobalSection(SolutionProperties) = preSolution
		HideSolutionNode = FALSE
	EndGlobalSection
	GlobalSection(ExtensibilityGlobals) = postSolution
		SolutionGuid = {36E7806A-9BD9-452C-AADC-D519341EA1FA}
	EndGlobalSection
EndGlobal
