
Microsoft Visual Studio Solution File, Format Version 12.00
# Visual Studio 15
VisualStudioVersion = 15.0.28307.1622
MinimumVisualStudioVersion = 10.0.40219.1
Project("{FAE04EC0-301F-11D3-BF4B-00C04F79EFBC}") = "ActiveMQMonitor", "ActiveMQMonitor\ActiveMQMonitor.csproj", "{98E8AEEF-E176-4483-A502-525BAC33F781}"
EndProject
Global
	GlobalSection(SolutionConfigurationPlatforms) = preSolution
		Debug|Any CPU = Debug|Any CPU
		Release|Any CPU = Release|Any CPU
	EndGlobalSection
	GlobalSection(ProjectConfigurationPlatforms) = postSolution
		{98E8AEEF-E176-4483-A502-525BAC33F781}.Debug|Any CPU.ActiveCfg = Debug|Any CPU
		{98E8AEEF-E176-4483-A502-525BAC33F781}.Debug|Any CPU.Build.0 = Debug|Any CPU
		{98E8AEEF-E176-4483-A502-525BAC33F781}.Release|Any CPU.ActiveCfg = Release|Any CPU
		{98E8AEEF-E176-4483-A502-525BAC33F781}.Release|Any CPU.Build.0 = Release|Any CPU
	EndGlobalSection
	GlobalSection(SolutionProperties) = preSolution
		HideSolutionNode = FALSE
	EndGlobalSection
	GlobalSection(ExtensibilityGlobals) = postSolution
		SolutionGuid = {C7462AE6-1A83-4ACE-8011-2D0014421AD6}
	EndGlobalSection
EndGlobal
